
Microsoft Visual Studio Solution File, Format Version 12.00
# Visual Studio 15
VisualStudioVersion = 15.0.27428.2043
MinimumVisualStudioVersion = 10.0.40219.1
Project("{9A19103F-16F7-4668-BE54-9A1E7A4F7556}") = "ProductImagesApi", "ProductImagesApi\ProductImagesApi.csproj", "{3A444AC8-BCAC-42C0-A9CC-5239B1056BB9}"
EndProject
Project("{E53339B2-1760-4266-BCC7-CA923CBCF16C}") = "docker-compose", "docker-compose.dcproj", "{DFB6B47E-368F-4667-A924-45EC202C432F}"
EndProject
Project("{2150E333-8FDC-42A3-9474-1A3956D46DE8}") = "Solution Items", "Solution Items", "{4228D2F4-7272-46EB-A6A3-EF44A79D593F}"
	ProjectSection(SolutionItems) = preProject
		global.json = global.json
	EndProjectSection
EndProject
Project("{2150E333-8FDC-42A3-9474-1A3956D46DE8}") = "Deployment", "Deployment", "{91E5C6D8-3897-4EA9-93B0-F884A9774F95}"
	ProjectSection(SolutionItems) = preProject
		Deployment\deployment-and-service.yml = Deployment\deployment-and-service.yml
		Deployment\ingress.yml = Deployment\ingress.yml
	EndProjectSection
EndProject
Global
	GlobalSection(SolutionConfigurationPlatforms) = preSolution
		Debug|Any CPU = Debug|Any CPU
		Release|Any CPU = Release|Any CPU
	EndGlobalSection
	GlobalSection(ProjectConfigurationPlatforms) = postSolution
		{3A444AC8-BCAC-42C0-A9CC-5239B1056BB9}.Debug|Any CPU.ActiveCfg = Debug|Any CPU
		{3A444AC8-BCAC-42C0-A9CC-5239B1056BB9}.Debug|Any CPU.Build.0 = Debug|Any CPU
		{3A444AC8-BCAC-42C0-A9CC-5239B1056BB9}.Release|Any CPU.ActiveCfg = Release|Any CPU
		{3A444AC8-BCAC-42C0-A9CC-5239B1056BB9}.Release|Any CPU.Build.0 = Release|Any CPU
		{DFB6B47E-368F-4667-A924-45EC202C432F}.Debug|Any CPU.ActiveCfg = Debug|Any CPU
		{DFB6B47E-368F-4667-A924-45EC202C432F}.Debug|Any CPU.Build.0 = Debug|Any CPU
		{DFB6B47E-368F-4667-A924-45EC202C432F}.Release|Any CPU.ActiveCfg = Release|Any CPU
		{DFB6B47E-368F-4667-A924-45EC202C432F}.Release|Any CPU.Build.0 = Release|Any CPU
	EndGlobalSection
	GlobalSection(SolutionProperties) = preSolution
		HideSolutionNode = FALSE
	EndGlobalSection
	GlobalSection(ExtensibilityGlobals) = postSolution
		SolutionGuid = {B5FE88B6-B148-446A-ACDD-85A55EDB7D4D}
	EndGlobalSection
EndGlobal
